
Microsoft Visual Studio Solution File, Format Version 12.00
# Visual Studio Version 17
VisualStudioVersion = 17.4.33110.190
MinimumVisualStudioVersion = 10.0.40219.1
Project("{FAE04EC0-301F-11D3-BF4B-00C04F79EFBC}") = "TelegramBot", "TelegramBot\TelegramBot.csproj", "{22FF1916-90A5-4172-AA3F-A1B4B9CBF84C}"
EndProject
Global
	GlobalSection(SolutionConfigurationPlatforms) = preSolution
		Debug|Any CPU = Debug|Any CPU
		Release|Any CPU = Release|Any CPU
	EndGlobalSection
	GlobalSection(ProjectConfigurationPlatforms) = postSolution
		{22FF1916-90A5-4172-AA3F-A1B4B9CBF84C}.Debug|Any CPU.ActiveCfg = Debug|Any CPU
		{22FF1916-90A5-4172-AA3F-A1B4B9CBF84C}.Debug|Any CPU.Build.0 = Debug|Any CPU
		{22FF1916-90A5-4172-AA3F-A1B4B9CBF84C}.Release|Any CPU.ActiveCfg = Release|Any CPU
		{22FF1916-90A5-4172-AA3F-A1B4B9CBF84C}.Release|Any CPU.Build.0 = Release|Any CPU
	EndGlobalSection
	GlobalSection(SolutionProperties) = preSolution
		HideSolutionNode = FALSE
	EndGlobalSection
	GlobalSection(ExtensibilityGlobals) = postSolution
		SolutionGuid = {1AD1332C-5A31-43FD-ABF7-D29590DE4BCA}
	EndGlobalSection
EndGlobal
